{
  "requires": true,
  "lockfileVersion": 1,
  "dependencies": {
    "@types/chart.js": {
      "version": "2.9.28",
      "resolved": "https://registry.npmjs.org/@types/chart.js/-/chart.js-2.9.28.tgz",
      "integrity": "sha512-9YYhsxRngRJb0dkuaU5BezkF+zvvVHnwdRw+rtlahtFb4zqNf9YSgWsOq+dLYeh0fqsWmHUYLR64eNigh02F+w==",
      "requires": {
        "moment": "^2.10.2"
      }
    },
    "chartjs": {
      "version": "0.3.24",
      "resolved": "https://registry.npmjs.org/chartjs/-/chartjs-0.3.24.tgz",
      "integrity": "sha1-Ot3rWuNgaz6J40bCfVLKFYQW6T0="
    },
    "moment": {
      "version": "2.29.1",
      "resolved": "https://registry.npmjs.org/moment/-/moment-2.29.1.tgz",
      "integrity": "sha512-kHmoybcPV8Sqy59DwNDY3Jefr64lK/by/da0ViFcuA4DH0vQg5Q6Ze5VimxkfQNSC+Mls/Kx53s7TjP1RhFEDQ=="
    },
    "vue-chartjs": {
      "version": "3.5.1",
      "resolved": "https://registry.npmjs.org/vue-chartjs/-/vue-chartjs-3.5.1.tgz",
      "integrity": "sha512-foocQbJ7FtveICxb4EV5QuVpo6d8CmZFmAopBppDIGKY+esJV8IJgwmEW0RexQhxqXaL/E1xNURsgFFYyKzS/g==",
      "requires": {
        "@types/chart.js": "^2.7.55"
      }
    },
    "vue-router": {
      "version": "3.4.9",
      "resolved": "https://registry.npmjs.org/vue-router/-/vue-router-3.4.9.tgz",
      "integrity": "sha512-CGAKWN44RqXW06oC+u4mPgHLQQi2t6vLD/JbGRDAXm0YpMv0bgpKuU5bBd7AvMgfTz9kXVRIWKHqRwGEb8xFkA=="
    },
    "vue-session": {
      "version": "1.0.0",
      "resolved": "https://registry.npmjs.org/vue-session/-/vue-session-1.0.0.tgz",
      "integrity": "sha512-Ep9lRKGgCZdcGV3In3R3zoSp5Wr+hlcIc8WJ9BG+QKzibwaFZnnvp9HBVdd+dU8d6HGLSi5sWywDmd5MkrkfoQ=="
    }
  }
}
